
Microsoft Visual Studio Solution File, Format Version 12.00
# Visual Studio Version 17
Project("{8BC9CEB8-8B4A-11D0-8D11-00A0C91BC942}") = "ALL_BUILD", "ALL_BUILD.vcxproj", "{806D3A59-BD61-3EDC-A152-75DC36684FFD}"
	ProjectSection(ProjectDependencies) = postProject
		{5DDC27AD-E893-399D-B485-429738180914} = {5DDC27AD-E893-399D-B485-429738180914}
		{1D147249-2378-3736-B4D7-E63D492C02BA} = {1D147249-2378-3736-B4D7-E63D492C02BA}
		{7B355B67-307D-397F-B1D1-177244A08F87} = {7B355B67-307D-397F-B1D1-177244A08F87}
		{47961BDB-6925-30BE-A32B-D94CD275A02F} = {47961BDB-6925-30BE-A32B-D94CD275A02F}
		{173D23F4-6486-3D6C-BBA7-CC7C060703C3} = {173D23F4-6486-3D6C-BBA7-CC7C060703C3}
	EndProjectSection
EndProject
Project("{8BC9CEB8-8B4A-11D0-8D11-00A0C91BC942}") = "ZERO_CHECK", "ZERO_CHECK.vcxproj", "{5DDC27AD-E893-399D-B485-429738180914}"
	ProjectSection(ProjectDependencies) = postProject
	EndProjectSection
EndProject
Project("{8BC9CEB8-8B4A-11D0-8D11-00A0C91BC942}") = "arithmetic", "src\arithmetic.vcxproj", "{1D147249-2378-3736-B4D7-E63D492C02BA}"
	ProjectSection(ProjectDependencies) = postProject
		{5DDC27AD-E893-399D-B485-429738180914} = {5DDC27AD-E893-399D-B485-429738180914}
	EndProjectSection
EndProject
Project("{8BC9CEB8-8B4A-11D0-8D11-00A0C91BC942}") = "gtest", "gtest\gtest.vcxproj", "{7B355B67-307D-397F-B1D1-177244A08F87}"
	ProjectSection(ProjectDependencies) = postProject
		{5DDC27AD-E893-399D-B485-429738180914} = {5DDC27AD-E893-399D-B485-429738180914}
	EndProjectSection
EndProject
Project("{8BC9CEB8-8B4A-11D0-8D11-00A0C91BC942}") = "main", "samples\main.vcxproj", "{47961BDB-6925-30BE-A32B-D94CD275A02F}"
	ProjectSection(ProjectDependencies) = postProject
		{5DDC27AD-E893-399D-B485-429738180914} = {5DDC27AD-E893-399D-B485-429738180914}
		{1D147249-2378-3736-B4D7-E63D492C02BA} = {1D147249-2378-3736-B4D7-E63D492C02BA}
	EndProjectSection
EndProject
Project("{8BC9CEB8-8B4A-11D0-8D11-00A0C91BC942}") = "test", "test\test.vcxproj", "{173D23F4-6486-3D6C-BBA7-CC7C060703C3}"
	ProjectSection(ProjectDependencies) = postProject
		{5DDC27AD-E893-399D-B485-429738180914} = {5DDC27AD-E893-399D-B485-429738180914}
		{1D147249-2378-3736-B4D7-E63D492C02BA} = {1D147249-2378-3736-B4D7-E63D492C02BA}
		{7B355B67-307D-397F-B1D1-177244A08F87} = {7B355B67-307D-397F-B1D1-177244A08F87}
	EndProjectSection
EndProject
Global
	GlobalSection(SolutionConfigurationPlatforms) = preSolution
		Debug|x64 = Debug|x64
		Release|x64 = Release|x64
		MinSizeRel|x64 = MinSizeRel|x64
		RelWithDebInfo|x64 = RelWithDebInfo|x64
	EndGlobalSection
	GlobalSection(ProjectConfigurationPlatforms) = postSolution
		{806D3A59-BD61-3EDC-A152-75DC36684FFD}.Debug|x64.ActiveCfg = Debug|x64
		{806D3A59-BD61-3EDC-A152-75DC36684FFD}.Release|x64.ActiveCfg = Release|x64
		{806D3A59-BD61-3EDC-A152-75DC36684FFD}.MinSizeRel|x64.ActiveCfg = MinSizeRel|x64
		{806D3A59-BD61-3EDC-A152-75DC36684FFD}.RelWithDebInfo|x64.ActiveCfg = RelWithDebInfo|x64
		{5DDC27AD-E893-399D-B485-429738180914}.Debug|x64.ActiveCfg = Debug|x64
		{5DDC27AD-E893-399D-B485-429738180914}.Debug|x64.Build.0 = Debug|x64
		{5DDC27AD-E893-399D-B485-429738180914}.Release|x64.ActiveCfg = Release|x64
		{5DDC27AD-E893-399D-B485-429738180914}.Release|x64.Build.0 = Release|x64
		{5DDC27AD-E893-399D-B485-429738180914}.MinSizeRel|x64.ActiveCfg = MinSizeRel|x64
		{5DDC27AD-E893-399D-B485-429738180914}.MinSizeRel|x64.Build.0 = MinSizeRel|x64
		{5DDC27AD-E893-399D-B485-429738180914}.RelWithDebInfo|x64.ActiveCfg = RelWithDebInfo|x64
		{5DDC27AD-E893-399D-B485-429738180914}.RelWithDebInfo|x64.Build.0 = RelWithDebInfo|x64
		{1D147249-2378-3736-B4D7-E63D492C02BA}.Debug|x64.ActiveCfg = Debug|x64
		{1D147249-2378-3736-B4D7-E63D492C02BA}.Debug|x64.Build.0 = Debug|x64
		{1D147249-2378-3736-B4D7-E63D492C02BA}.Release|x64.ActiveCfg = Release|x64
		{1D147249-2378-3736-B4D7-E63D492C02BA}.Release|x64.Build.0 = Release|x64
		{1D147249-2378-3736-B4D7-E63D492C02BA}.MinSizeRel|x64.ActiveCfg = MinSizeRel|x64
		{1D147249-2378-3736-B4D7-E63D492C02BA}.MinSizeRel|x64.Build.0 = MinSizeRel|x64
		{1D147249-2378-3736-B4D7-E63D492C02BA}.RelWithDebInfo|x64.ActiveCfg = RelWithDebInfo|x64
		{1D147249-2378-3736-B4D7-E63D492C02BA}.RelWithDebInfo|x64.Build.0 = RelWithDebInfo|x64
		{7B355B67-307D-397F-B1D1-177244A08F87}.Debug|x64.ActiveCfg = Debug|x64
		{7B355B67-307D-397F-B1D1-177244A08F87}.Debug|x64.Build.0 = Debug|x64
		{7B355B67-307D-397F-B1D1-177244A08F87}.Release|x64.ActiveCfg = Release|x64
		{7B355B67-307D-397F-B1D1-177244A08F87}.Release|x64.Build.0 = Release|x64
		{7B355B67-307D-397F-B1D1-177244A08F87}.MinSizeRel|x64.ActiveCfg = MinSizeRel|x64
		{7B355B67-307D-397F-B1D1-177244A08F87}.MinSizeRel|x64.Build.0 = MinSizeRel|x64
		{7B355B67-307D-397F-B1D1-177244A08F87}.RelWithDebInfo|x64.ActiveCfg = RelWithDebInfo|x64
		{7B355B67-307D-397F-B1D1-177244A08F87}.RelWithDebInfo|x64.Build.0 = RelWithDebInfo|x64
		{47961BDB-6925-30BE-A32B-D94CD275A02F}.Debug|x64.ActiveCfg = Debug|x64
		{47961BDB-6925-30BE-A32B-D94CD275A02F}.Debug|x64.Build.0 = Debug|x64
		{47961BDB-6925-30BE-A32B-D94CD275A02F}.Release|x64.ActiveCfg = Release|x64
		{47961BDB-6925-30BE-A32B-D94CD275A02F}.Release|x64.Build.0 = Release|x64
		{47961BDB-6925-30BE-A32B-D94CD275A02F}.MinSizeRel|x64.ActiveCfg = MinSizeRel|x64
		{47961BDB-6925-30BE-A32B-D94CD275A02F}.MinSizeRel|x64.Build.0 = MinSizeRel|x64
		{47961BDB-6925-30BE-A32B-D94CD275A02F}.RelWithDebInfo|x64.ActiveCfg = RelWithDebInfo|x64
		{47961BDB-6925-30BE-A32B-D94CD275A02F}.RelWithDebInfo|x64.Build.0 = RelWithDebInfo|x64
		{173D23F4-6486-3D6C-BBA7-CC7C060703C3}.Debug|x64.ActiveCfg = Debug|x64
		{173D23F4-6486-3D6C-BBA7-CC7C060703C3}.Debug|x64.Build.0 = Debug|x64
		{173D23F4-6486-3D6C-BBA7-CC7C060703C3}.Release|x64.ActiveCfg = Release|x64
		{173D23F4-6486-3D6C-BBA7-CC7C060703C3}.Release|x64.Build.0 = Release|x64
		{173D23F4-6486-3D6C-BBA7-CC7C060703C3}.MinSizeRel|x64.ActiveCfg = MinSizeRel|x64
		{173D23F4-6486-3D6C-BBA7-CC7C060703C3}.MinSizeRel|x64.Build.0 = MinSizeRel|x64
		{173D23F4-6486-3D6C-BBA7-CC7C060703C3}.RelWithDebInfo|x64.ActiveCfg = RelWithDebInfo|x64
		{173D23F4-6486-3D6C-BBA7-CC7C060703C3}.RelWithDebInfo|x64.Build.0 = RelWithDebInfo|x64
	EndGlobalSection
	GlobalSection(ExtensibilityGlobals) = postSolution
		SolutionGuid = {B5681E30-C785-3EFF-82BA-A002C671F0D1}
	EndGlobalSection
	GlobalSection(ExtensibilityAddIns) = postSolution
	EndGlobalSection
EndGlobal
