<?xml version="1.0" encoding="utf-8"?>
<Project ToolsVersion="17.0" xmlns="http://schemas.microsoft.com/developer/msbuild/2003">
  <ItemGroup>
    <ClCompile Include="C:\Users\Андрей\proga\Lab3\mp2-lab3-arithmetic\src\arithmetic.cpp">
      <Filter>Source Files</Filter>
    </ClCompile>
  </ItemGroup>
  <ItemGroup>
    <CustomBuild Include="C:\Users\Андрей\proga\Lab3\mp2-lab3-arithmetic\src\CMakeLists.txt" />
  </ItemGroup>
  <ItemGroup>
    <Filter Include="Source Files">
      <UniqueIdentifier>{52D2C3E9-FA64-3EC4-9E4C-8D38D60A2FFB}</UniqueIdentifier>
    </Filter>
  </ItemGroup>
</Project>
